{
  "name": "my-stencil-app",
  "version": "0.0.1",
  "lockfileVersion": 1,
  "requires": true,
  "dependencies": {
    "@stencil/core": {
      "version": "1.8.1",
      "resolved": "https://registry.npmjs.org/@stencil/core/-/core-1.8.1.tgz",
      "integrity": "sha512-VV8bJF6ZeOZyVUQEK4a24O+V4RXUxgAWSHonkNgbJVk7Z+hxfJMBTLGy6uZa9/5/IcKXqrTutIL9giV8WeNkHA==",
      "requires": {
        "typescript": "3.7.2"
      }
    },
    "@stencil/router": {
      "version": "1.0.1",
      "resolved": "https://registry.npmjs.org/@stencil/router/-/router-1.0.1.tgz",
      "integrity": "sha512-ZMholl1BE+glNAc/8pcEb9RYkeH0XETxsJbx6D7f3azTmaTXqKYty1IACP/3BtVjuimpfLdxQJ+J95wKmnYBtA==",
      "requires": {
        "@stencil/state-tunnel": "^1.0.1"
      }
    },
    "@stencil/state-tunnel": {
      "version": "1.0.1",
      "resolved": "https://registry.npmjs.org/@stencil/state-tunnel/-/state-tunnel-1.0.1.tgz",
      "integrity": "sha512-DYG8uROgL9hkjVTCtCfRBb0d3FwpiFB0muRrNZQ2X1Qo5hxMuNNji76/ILddqeq0AfgkKCW82xrMPDpy+rNIhQ=="
    },
    "my-stencil-components": {
      "version": "0.0.4",
      "resolved": "https://npm.pkg.github.com/download/@rasor/my-stencil-components/0.0.4/0381399f01783e3f5cafcfc15e64c9b02a53875de2c56b31f4c2f67a2e6cef6b",
      "integrity": "sha512-epHmh8Mur557g/ksg1qq7v9jULtlUkRIfBHzJiO2C5k1RbdsDg2WcZeHwIx7L8T8kZ4tBUBE0gmdWMiylJRdlA=="
    },
    "typescript": {
      "version": "3.7.2",
      "resolved": "https://registry.npmjs.org/typescript/-/typescript-3.7.2.tgz",
      "integrity": "sha512-ml7V7JfiN2Xwvcer+XAf2csGO1bPBdRbFCkYBczNZggrBZ9c7G3riSUeJmqEU5uOtXNPMhE3n+R4FA/3YOAWOQ=="
    }
  }
}
